
Microsoft Visual Studio Solution File, Format Version 12.00
# Visual Studio Version 17
VisualStudioVersion = 17.6.33815.320
MinimumVisualStudioVersion = 10.0.40219.1
Project("{2150E333-8FDC-42A3-9474-1A3956D46DE8}") = "Easy", "Easy", "{D447E443-DC29-4B28-9DA9-99D7E1113138}"
EndProject
Project("{9A19103F-16F7-4668-BE54-9A1E7A4F7556}") = "1-TwoSum", "Easy\TwoSum\1-TwoSum.csproj", "{DB5E797B-D04A-4BAA-AECD-7C1DFFFA7263}"
EndProject
Project("{2150E333-8FDC-42A3-9474-1A3956D46DE8}") = "Medium", "Medium", "{096E0E68-76D9-4168-97D0-521C015C73B5}"
EndProject
Project("{9A19103F-16F7-4668-BE54-9A1E7A4F7556}") = "2-AddTwoNumbers", "Medium\AddTwoNumbers\2-AddTwoNumbers.csproj", "{F73E000E-7917-4EBF-B99C-14E89E830D0C}"
EndProject
Project("{9A19103F-16F7-4668-BE54-9A1E7A4F7556}") = "MediumUnitTest", "TestProject1\MediumUnitTest.csproj", "{EBA0A775-F45C-4A25-ACBC-4326B5A50450}"
EndProject
Project("{9A19103F-16F7-4668-BE54-9A1E7A4F7556}") = "3-LongestSubstringWithoutRepeatingCharacters", "LongStringLib\3-LongestSubstringWithoutRepeatingCharacters.csproj", "{D330EC91-91EC-43D9-A35D-D2F926EA4A75}"
EndProject
Project("{9A19103F-16F7-4668-BE54-9A1E7A4F7556}") = "1662-CheckIfTwoStringArraysAreEquivalent", "1662-CheckIfTwoStringArraysAreEquivalent\1662-CheckIfTwoStringArraysAreEquivalent.csproj", "{0D8BC1F2-E068-4E98-9685-28B5251DFA3C}"
EndProject
Project("{9A19103F-16F7-4668-BE54-9A1E7A4F7556}") = "EasyUnitTest", "EasyUnitTest\EasyUnitTest.csproj", "{43ECE5D4-7AA6-4E71-9DE7-8A6F6C5EE44A}"
EndProject
Project("{9A19103F-16F7-4668-BE54-9A1E7A4F7556}") = "CalculateMoneyInLeetcodeBank", "CalculateMoneyInLeetcodeBank\CalculateMoneyInLeetcodeBank.csproj", "{42674F30-EE9A-44F6-A127-D1BD512B4680}"
EndProject
Project("{9A19103F-16F7-4668-BE54-9A1E7A4F7556}") = "1903LargestOddNumberInString", "1903LargestOddNumberInString\1903LargestOddNumberInString.csproj", "{70773FA8-05CE-4C78-B376-D7F0CD38B538}"
EndProject
Project("{FAE04EC0-301F-11D3-BF4B-00C04F79EFBC}") = "100143CountTestedDevicesAfterTestOperations", "100143CountTestedDevicesAfterTestOperations\100143CountTestedDevicesAfterTestOperations.csproj", "{D74F45AB-3167-4523-9817-B0FC09DE7734}"
EndProject
Project("{FAE04EC0-301F-11D3-BF4B-00C04F79EFBC}") = "100155DoubleModularExponentiation", "100155DoubleModularExponentiation\100155DoubleModularExponentiation.csproj", "{4BF5230C-7BC7-4739-815A-76595A178C10}"
EndProject
Project("{FAE04EC0-301F-11D3-BF4B-00C04F79EFBC}") = "867TransposeMatrix", "867TransposeMatrix\867TransposeMatrix.csproj", "{79A8EDE4-1963-4671-ABFD-54B761FCF251}"
EndProject
Global
	GlobalSection(SolutionConfigurationPlatforms) = preSolution
		Debug|Any CPU = Debug|Any CPU
		Release|Any CPU = Release|Any CPU
	EndGlobalSection
	GlobalSection(ProjectConfigurationPlatforms) = postSolution
		{DB5E797B-D04A-4BAA-AECD-7C1DFFFA7263}.Debug|Any CPU.ActiveCfg = Debug|Any CPU
		{DB5E797B-D04A-4BAA-AECD-7C1DFFFA7263}.Debug|Any CPU.Build.0 = Debug|Any CPU
		{DB5E797B-D04A-4BAA-AECD-7C1DFFFA7263}.Release|Any CPU.ActiveCfg = Release|Any CPU
		{DB5E797B-D04A-4BAA-AECD-7C1DFFFA7263}.Release|Any CPU.Build.0 = Release|Any CPU
		{F73E000E-7917-4EBF-B99C-14E89E830D0C}.Debug|Any CPU.ActiveCfg = Debug|Any CPU
		{F73E000E-7917-4EBF-B99C-14E89E830D0C}.Debug|Any CPU.Build.0 = Debug|Any CPU
		{F73E000E-7917-4EBF-B99C-14E89E830D0C}.Release|Any CPU.ActiveCfg = Release|Any CPU
		{F73E000E-7917-4EBF-B99C-14E89E830D0C}.Release|Any CPU.Build.0 = Release|Any CPU
		{EBA0A775-F45C-4A25-ACBC-4326B5A50450}.Debug|Any CPU.ActiveCfg = Debug|Any CPU
		{EBA0A775-F45C-4A25-ACBC-4326B5A50450}.Debug|Any CPU.Build.0 = Debug|Any CPU
		{EBA0A775-F45C-4A25-ACBC-4326B5A50450}.Release|Any CPU.ActiveCfg = Release|Any CPU
		{EBA0A775-F45C-4A25-ACBC-4326B5A50450}.Release|Any CPU.Build.0 = Release|Any CPU
		{D330EC91-91EC-43D9-A35D-D2F926EA4A75}.Debug|Any CPU.ActiveCfg = Debug|Any CPU
		{D330EC91-91EC-43D9-A35D-D2F926EA4A75}.Debug|Any CPU.Build.0 = Debug|Any CPU
		{D330EC91-91EC-43D9-A35D-D2F926EA4A75}.Release|Any CPU.ActiveCfg = Release|Any CPU
		{D330EC91-91EC-43D9-A35D-D2F926EA4A75}.Release|Any CPU.Build.0 = Release|Any CPU
		{0D8BC1F2-E068-4E98-9685-28B5251DFA3C}.Debug|Any CPU.ActiveCfg = Debug|Any CPU
		{0D8BC1F2-E068-4E98-9685-28B5251DFA3C}.Debug|Any CPU.Build.0 = Debug|Any CPU
		{0D8BC1F2-E068-4E98-9685-28B5251DFA3C}.Release|Any CPU.ActiveCfg = Release|Any CPU
		{0D8BC1F2-E068-4E98-9685-28B5251DFA3C}.Release|Any CPU.Build.0 = Release|Any CPU
		{43ECE5D4-7AA6-4E71-9DE7-8A6F6C5EE44A}.Debug|Any CPU.ActiveCfg = Debug|Any CPU
		{43ECE5D4-7AA6-4E71-9DE7-8A6F6C5EE44A}.Debug|Any CPU.Build.0 = Debug|Any CPU
		{43ECE5D4-7AA6-4E71-9DE7-8A6F6C5EE44A}.Release|Any CPU.ActiveCfg = Release|Any CPU
		{43ECE5D4-7AA6-4E71-9DE7-8A6F6C5EE44A}.Release|Any CPU.Build.0 = Release|Any CPU
		{42674F30-EE9A-44F6-A127-D1BD512B4680}.Debug|Any CPU.ActiveCfg = Debug|Any CPU
		{42674F30-EE9A-44F6-A127-D1BD512B4680}.Debug|Any CPU.Build.0 = Debug|Any CPU
		{42674F30-EE9A-44F6-A127-D1BD512B4680}.Release|Any CPU.ActiveCfg = Release|Any CPU
		{42674F30-EE9A-44F6-A127-D1BD512B4680}.Release|Any CPU.Build.0 = Release|Any CPU
		{70773FA8-05CE-4C78-B376-D7F0CD38B538}.Debug|Any CPU.ActiveCfg = Debug|Any CPU
		{70773FA8-05CE-4C78-B376-D7F0CD38B538}.Debug|Any CPU.Build.0 = Debug|Any CPU
		{70773FA8-05CE-4C78-B376-D7F0CD38B538}.Release|Any CPU.ActiveCfg = Release|Any CPU
		{70773FA8-05CE-4C78-B376-D7F0CD38B538}.Release|Any CPU.Build.0 = Release|Any CPU
		{D74F45AB-3167-4523-9817-B0FC09DE7734}.Debug|Any CPU.ActiveCfg = Debug|Any CPU
		{D74F45AB-3167-4523-9817-B0FC09DE7734}.Debug|Any CPU.Build.0 = Debug|Any CPU
		{D74F45AB-3167-4523-9817-B0FC09DE7734}.Release|Any CPU.ActiveCfg = Release|Any CPU
		{D74F45AB-3167-4523-9817-B0FC09DE7734}.Release|Any CPU.Build.0 = Release|Any CPU
		{4BF5230C-7BC7-4739-815A-76595A178C10}.Debug|Any CPU.ActiveCfg = Debug|Any CPU
		{4BF5230C-7BC7-4739-815A-76595A178C10}.Debug|Any CPU.Build.0 = Debug|Any CPU
		{4BF5230C-7BC7-4739-815A-76595A178C10}.Release|Any CPU.ActiveCfg = Release|Any CPU
		{4BF5230C-7BC7-4739-815A-76595A178C10}.Release|Any CPU.Build.0 = Release|Any CPU
		{79A8EDE4-1963-4671-ABFD-54B761FCF251}.Debug|Any CPU.ActiveCfg = Debug|Any CPU
		{79A8EDE4-1963-4671-ABFD-54B761FCF251}.Debug|Any CPU.Build.0 = Debug|Any CPU
		{79A8EDE4-1963-4671-ABFD-54B761FCF251}.Release|Any CPU.ActiveCfg = Release|Any CPU
		{79A8EDE4-1963-4671-ABFD-54B761FCF251}.Release|Any CPU.Build.0 = Release|Any CPU
	EndGlobalSection
	GlobalSection(SolutionProperties) = preSolution
		HideSolutionNode = FALSE
	EndGlobalSection
	GlobalSection(NestedProjects) = preSolution
		{DB5E797B-D04A-4BAA-AECD-7C1DFFFA7263} = {D447E443-DC29-4B28-9DA9-99D7E1113138}
		{F73E000E-7917-4EBF-B99C-14E89E830D0C} = {096E0E68-76D9-4168-97D0-521C015C73B5}
		{EBA0A775-F45C-4A25-ACBC-4326B5A50450} = {096E0E68-76D9-4168-97D0-521C015C73B5}
		{D330EC91-91EC-43D9-A35D-D2F926EA4A75} = {096E0E68-76D9-4168-97D0-521C015C73B5}
		{0D8BC1F2-E068-4E98-9685-28B5251DFA3C} = {D447E443-DC29-4B28-9DA9-99D7E1113138}
		{43ECE5D4-7AA6-4E71-9DE7-8A6F6C5EE44A} = {D447E443-DC29-4B28-9DA9-99D7E1113138}
		{42674F30-EE9A-44F6-A127-D1BD512B4680} = {D447E443-DC29-4B28-9DA9-99D7E1113138}
		{70773FA8-05CE-4C78-B376-D7F0CD38B538} = {D447E443-DC29-4B28-9DA9-99D7E1113138}
		{D74F45AB-3167-4523-9817-B0FC09DE7734} = {D447E443-DC29-4B28-9DA9-99D7E1113138}
		{4BF5230C-7BC7-4739-815A-76595A178C10} = {096E0E68-76D9-4168-97D0-521C015C73B5}
		{79A8EDE4-1963-4671-ABFD-54B761FCF251} = {D447E443-DC29-4B28-9DA9-99D7E1113138}
	EndGlobalSection
	GlobalSection(ExtensibilityGlobals) = postSolution
		SolutionGuid = {D86DC2CB-C49E-4EDA-9365-8E9466A12F6F}
	EndGlobalSection
EndGlobal
